{
  "name": "qq",
  "version": "1.0.0",
  "lockfileVersion": 3,
  "requires": true,
  "packages": {
    "": {
      "name": "qq",
      "dependencies": {
        "backlog.md": "1.49.1"
      }
    },
    "node_modules/backlog.md": {
      "version": "1.49.1",
      "resolved": "https://registry.npmjs.org/backlog.md/-/backlog.md-1.49.1.tgz",
      "integrity": "sha512-aySeMoU33mbyksdDEgzLT1z421QE8eTxHpZRuAU/9ntVSPXnQ1W4qQIGT19rjxFy7XjKIH7pha91LsBSVSzaEA==",
      "license": "MIT",
      "bin": {
        "backlog": "cli.js"
      },
      "optionalDependencies": {
        "backlog.md-darwin-arm64": "1.49.1",
        "backlog.md-darwin-x64": "1.49.1",
        "backlog.md-linux-arm64": "1.49.1",
        "backlog.md-linux-x64": "1.49.1",
        "backlog.md-windows-arm64": "1.49.1",
        "backlog.md-windows-x64": "1.49.1"
      }
    },
    "node_modules/backlog.md-darwin-arm64": {
      "version": "1.49.1",
      "resolved": "https://registry.npmjs.org/backlog.md-darwin-arm64/-/backlog.md-darwin-arm64-1.49.1.tgz",
      "integrity": "sha512-hq0VV/xvWX+juTeY/GiFDwEaDlSsuip6BWQYrzjZd1fpjss7rt8lnCwZ56K4+l3DpLFLVd2iOMYwKbm37ehD3Q==",
      "cpu": [
        "arm64"
      ],
      "optional": true,
      "os": [
        "darwin"
      ]
    },
    "node_modules/backlog.md-darwin-x64": {
      "version": "1.49.1",
      "resolved": "https://registry.npmjs.org/backlog.md-darwin-x64/-/backlog.md-darwin-x64-1.49.1.tgz",
      "integrity": "sha512-oJnopLPCiL/5Pkf2YqA2tT1hFoeTCfY9/OvO4P2fabUMi4V+j25kDO/qWEua4yNYa15Leweh+QZwgs7fEsygvg==",
      "cpu": [
        "x64"
      ],
      "optional": true,
      "os": [
        "darwin"
      ]
    },
    "node_modules/backlog.md-linux-arm64": {
      "version": "1.49.1",
      "resolved": "https://registry.npmjs.org/backlog.md-linux-arm64/-/backlog.md-linux-arm64-1.49.1.tgz",
      "integrity": "sha512-8SM8ZN8/bPFlSAS15mnluLTsZtdY1o59I13w74xUDTcej4EqREo+j9EQd64fzSKihBOZji1s1Bapv+WDimeRgw==",
      "cpu": [
        "arm64"
      ],
      "optional": true,
      "os": [
        "linux"
      ]
    },
    "node_modules/backlog.md-linux-x64": {
      "version": "1.49.1",
      "resolved": "https://registry.npmjs.org/backlog.md-linux-x64/-/backlog.md-linux-x64-1.49.1.tgz",
      "integrity": "sha512-9Wn2h8qLnhlDsJlw8Mj+wacIRd+wkb7thSEkzysLpVWadwQCSsxizH7ThfNYh8PMAeJgvPoD3aB7yNQP38LACg==",
      "cpu": [
        "x64"
      ],
      "optional": true,
      "os": [
        "linux"
      ]
    },
    "node_modules/backlog.md-windows-arm64": {
      "version": "1.49.1",
      "resolved": "https://registry.npmjs.org/backlog.md-windows-arm64/-/backlog.md-windows-arm64-1.49.1.tgz",
      "integrity": "sha512-rVWFVPLWWOgYbTPu19fu/5myAbbJ06S1pVbeQJFVlxLGK8XfbBoeLRHEjWtAfb+8DXLe/0q97LbCoVP8h9RF5w==",
      "cpu": [
        "arm64"
      ],
      "optional": true,
      "os": [
        "win32"
      ]
    },
    "node_modules/backlog.md-windows-x64": {
      "version": "1.49.1",
      "resolved": "https://registry.npmjs.org/backlog.md-windows-x64/-/backlog.md-windows-x64-1.49.1.tgz",
      "integrity": "sha512-DOlFZVdVABta8KRyCqC7OsnAfgW///tgtPyZqZbC2lIeOq/N7CfqEypxbAJdIhSjbQ25UBMR+c9Kskr0+twbiQ==",
      "cpu": [
        "x64"
      ],
      "optional": true,
      "os": [
        "win32"
      ]
    }
  }
}
